// !$*UTF8*$!
{
	archiveVersion = 1;
	classes = {
	};
	objectVersion = 46;
	objects = {

/* Begin PBXBuildFile section */
		4B3403D31CA42971005587A9 /* main.m in Sources */ = {isa = PBXBuildFile; fileRef = 4B3403D21CA42971005587A9 /* main.m */; };
		4B3403D61CA42971005587A9 /* AppDelegate.m in Sources */ = {isa = PBXBuildFile; fileRef = 4B3403D51CA42971005587A9 /* AppDelegate.m */; };
		4B3403D91CA42971005587A9 /* ViewController.m in Sources */ = {isa = PBXBuildFile; fileRef = 4B3403D81CA42971005587A9 /* ViewController.m */; };
		4B3403DC1CA42971005587A9 /* Main.storyboard in Resources */ = {isa = PBXBuildFile; fileRef = 4B3403DA1CA42971005587A9 /* Main.storyboard */; };
		4B3403DE1CA42971005587A9 /* Assets.xcassets in Resources */ = {isa = PBXBuildFile; fileRef = 4B3403DD1CA42971005587A9 /* Assets.xcassets */; };
		4B3403E11CA42971005587A9 /* LaunchScreen.storyboard in Resources */ = {isa = PBXBuildFile; fileRef = 4B3403DF1CA42971005587A9 /* LaunchScreen.storyboard */; };
		4B3403EC1CA42971005587A9 /* UICollectionViewDemoTests.m in Sources */ = {isa = PBXBuildFile; fileRef = 4B3403EB1CA42971005587A9 /* UICollectionViewDemoTests.m */; };
		4B3403F71CA42971005587A9 /* UICollectionViewDemoUITests.m in Sources */ = {isa = PBXBuildFile; fileRef = 4B3403F61CA42971005587A9 /* UICollectionViewDemoUITests.m */; };
/* End PBXBuildFile section */

/* Begin PBXContainerItemProxy section */
		4B3403E81CA42971005587A9 /* PBXContainerItemProxy */ = {
			isa = PBXContainerItemProxy;
			containerPortal = 4B3403C61CA42971005587A9 /* Project object */;
			proxyType = 1;
			remoteGlobalIDString = 4B3403CD1CA42971005587A9;
			remoteInfo = UICollectionViewDemo;
		};
		4B3403F31CA42971005587A9 /* PBXContainerItemProxy */ = {
			isa = PBXContainerItemProxy;
			containerPortal = 4B3403C61CA42971005587A9 /* Project object */;
			proxyType = 1;
			remoteGlobalIDString = 4B3403CD1CA42971005587A9;
			remoteInfo = UICollectionViewDemo;
		};
/* End PBXContainerItemProxy section */

/* Begin PBXFileReference section */
		4B3403CE1CA42971005587A9 /* UICollectionViewDemo.app */ = {isa = PBXFileReference; explicitFileType = wrapper.application; includeInIndex = 0; path = UICollectionViewDemo.app; sourceTree = BUILT_PRODUCTS_DIR; };
		4B3403D21CA42971005587A9 /* main.m */ = {isa = PBXFileReference; lastKnownFileType = sourcecode.c.objc; path = main.m; sourceTree = "<group>"; };
		4B3403D41CA42971005587A9 /* AppDelegate.h */ = {isa = PBXFileReference; lastKnownFileType = sourcecode.c.h; path = AppDelegate.h; sourceTree = "<group>"; };
		4B3403D51CA42971005587A9 /* AppDelegate.m */ = {isa = PBXFileReference; lastKnownFileType = sourcecode.c.objc; path = AppDelegate.m; sourceTree = "<group>"; };
		4B3403D71CA42971005587A9 /* ViewController.h */ = {isa = PBXFileReference; lastKnownFileType = sourcecode.c.h; path = ViewController.h; sourceTree = "<group>"; };
		4B3403D81CA42971005587A9 /* ViewController.m */ = {isa = PBXFileReference; lastKnownFileType = sourcecode.c.objc; path = ViewController.m; sourceTree = "<group>"; };
		4B3403DB1CA42971005587A9 /* Base */ = {isa = PBXFileReference; lastKnownFileType = file.storyboard; name = Base; path = Base.lproj/Main.storyboard; sourceTree = "<group>"; };
		4B3403DD1CA42971005587A9 /* Assets.xcassets */ = {isa = PBXFileReference; lastKnownFileType = folder.assetcatalog; path = Assets.xcassets; sourceTree = "<group>"; };
		4B3403E01CA42971005587A9 /* Base */ = {isa = PBXFileReference; lastKnownFileType = file.storyboard; name = Base; path = Base.lproj/LaunchScreen.storyboard; sourceTree = "<group>"; };
		4B3403E21CA42971005587A9 /* Info.plist */ = {isa = PBXFileReference; lastKnownFileType = text.plist.xml; path = Info.plist; sourceTree = "<group>"; };
		4B3403E71CA42971005587A9 /* UICollectionViewDemoTests.xctest */ = {isa = PBXFileReference; explicitFileType = wrapper.cfbundle; includeInIndex = 0; path = UICollectionViewDemoTests.xctest; sourceTree = BUILT_PRODUCTS_DIR; };
		4B3403EB1CA42971005587A9 /* UICollectionViewDemoTests.m */ = {isa = PBXFileReference; lastKnownFileType = sourcecode.c.objc; path = UICollectionViewDemoTests.m; sourceTree = "<group>"; };
		4B3403ED1CA42971005587A9 /* Info.plist */ = {isa = PBXFileReference; lastKnownFileType = text.plist.xml; path = Info.plist; sourceTree = "<group>"; };
		4B3403F21CA42971005587A9 /* UICollectionViewDemoUITests.xctest */ = {isa = PBXFileReference; explicitFileType = wrapper.cfbundle; includeInIndex = 0; path = UICollectionViewDemoUITests.xctest; sourceTree = BUILT_PRODUCTS_DIR; };
		4B3403F61CA42971005587A9 /* UICollectionViewDemoUITests.m */ = {isa = PBXFileReference; lastKnownFileType = sourcecode.c.objc; path = UICollectionViewDemoUITests.m; sourceTree = "<group>"; };
		4B3403F81CA42971005587A9 /* Info.plist */ = {isa = PBXFileReference; lastKnownFileType = text.plist.xml; path = Info.plist; sourceTree = "<group>"; };
/* End PBXFileReference section */

/* Begin PBXFrameworksBuildPhase section */
		4B3403CB1CA42971005587A9 /* Frameworks */ = {
			isa = PBXFrameworksBuildPhase;
			buildActionMask = 2147483647;
			files = (
			);
			runOnlyForDeploymentPostprocessing = 0;
		};
		4B3403E41CA42971005587A9 /* Frameworks */ = {
			isa = PBXFrameworksBuildPhase;
			buildActionMask = 2147483647;
			files = (
			);
			runOnlyForDeploymentPostprocessing = 0;
		};
		4B3403EF1CA42971005587A9 /* Frameworks */ = {
			isa = PBXFrameworksBuildPhase;
			buildActionMask = 2147483647;
			files = (
			);
			runOnlyForDeploymentPostprocessing = 0;
		};
/* End PBXFrameworksBuildPhase section */

/* Begin PBXGroup section */
		4B3403C51CA42971005587A9 = {
			isa = PBXGroup;
			children = (
				4B3403D01CA42971005587A9 /* UICollectionViewDemo */,
				4B3403EA1CA42971005587A9 /* UICollectionViewDemoTests */,
				4B3403F51CA42971005587A9 /* UICollectionViewDemoUITests */,
				4B3403CF1CA42971005587A9 /* Products */,
			);
			sourceTree = "<group>";
		};
		4B3403CF1CA42971005587A9 /* Products */ = {
			isa = PBXGroup;
			children = (
				4B3403CE1CA42971005587A9 /* UICollectionViewDemo.app */,
				4B3403E71CA42971005587A9 /* UICollectionViewDemoTests.xctest */,
				4B3403F21CA42971005587A9 /* UICollectionViewDemoUITests.xctest */,
			);
			name = Products;
			sourceTree = "<group>";
		};
		4B3403D01CA42971005587A9 /* UICollectionViewDemo */ = {
			isa = PBXGroup;
			children = (
				4B3403D41CA42971005587A9 /* AppDelegate.h */,
				4B3403D51CA42971005587A9 /* AppDelegate.m */,
				4B3403D71CA42971005587A9 /* ViewController.h */,
				4B3403D81CA42971005587A9 /* ViewController.m */,
				4B3403DA1CA42971005587A9 /* Main.storyboard */,
				4B3403DD1CA42971005587A9 /* Assets.xcassets */,
				4B3403DF1CA42971005587A9 /* LaunchScreen.storyboard */,
				4B3403E21CA42971005587A9 /* Info.plist */,
				4B3403D11CA42971005587A9 /* Supporting Files */,
			);
			path = UICollectionViewDemo;
			sourceTree = "<group>";
		};
		4B3403D11CA42971005587A9 /* Supporting Files */ = {
			isa = PBXGroup;
			children = (
				4B3403D21CA42971005587A9 /* main.m */,
			);
			name = "Supporting Files";
			sourceTree = "<group>";
		};
		4B3403EA1CA42971005587A9 /* UICollectionViewDemoTests */ = {
			isa = PBXGroup;
			children = (
				4B3403EB1CA42971005587A9 /* UICollectionViewDemoTests.m */,
				4B3403ED1CA42971005587A9 /* Info.plist */,
			);
			path = UICollectionViewDemoTests;
			sourceTree = "<group>";
		};
		4B3403F51CA42971005587A9 /* UICollectionViewDemoUITests */ = {
			isa = PBXGroup;
			children = (
				4B3403F61CA42971005587A9 /* UICollectionViewDemoUITests.m */,
				4B3403F81CA42971005587A9 /* Info.plist */,
			);
			path = UICollectionViewDemoUITests;
			sourceTree = "<group>";
		};
/* End PBXGroup section */

/* Begin PBXNativeTarget section */
		4B3403CD1CA42971005587A9 /* UICollectionViewDemo */ = {
			isa = PBXNativeTarget;
			buildConfigurationList = 4B3403FB1CA42971005587A9 /* Build configuration list for PBXNativeTarget "UICollectionViewDemo" */;
			buildPhases = (
				4B3403CA1CA42971005587A9 /* Sources */,
				4B3403CB1CA42971005587A9 /* Frameworks */,
				4B3403CC1CA42971005587A9 /* Resources */,
			);
			buildRules = (
			);
			dependencies = (
			);
			name = UICollectionViewDemo;
			productName = UICollectionViewDemo;
			productReference = 4B3403CE1CA42971005587A9 /* UICollectionViewDemo.app */;
			productType = "com.apple.product-type.application";
		};
		4B3403E61CA42971005587A9 /* UICollectionViewDemoTests */ = {
			isa = PBXNativeTarget;
			buildConfigurationList = 4B3403FE1CA42971005587A9 /* Build configuration list for PBXNativeTarget "UICollectionViewDemoTests" */;
			buildPhases = (
				4B3403E31CA42971005587A9 /* Sources */,
				4B3403E41CA42971005587A9 /* Frameworks */,
				4B3403E51CA42971005587A9 /* Resources */,
			);
			buildRules = (
			);
			dependencies = (
				4B3403E91CA42971005587A9 /* PBXTargetDependency */,
			);
			name = UICollectionViewDemoTests;
			productName = UICollectionViewDemoTests;
			productReference = 4B3403E71CA42971005587A9 /* UICollectionViewDemoTests.xctest */;
			productType = "com.apple.product-type.bundle.unit-test";
		};
		4B3403F11CA42971005587A9 /* UICollectionViewDemoUITests */ = {
			isa = PBXNativeTarget;
			buildConfigurationList = 4B3404011CA42971005587A9 /* Build configuration list for PBXNativeTarget "UICollectionViewDemoUITests" */;
			buildPhases = (
				4B3403EE1CA42971005587A9 /* Sources */,
				4B3403EF1CA42971005587A9 /* Frameworks */,
				4B3403F01CA42971005587A9 /* Resources */,
			);
			buildRules = (
			);
			dependencies = (
				4B3403F41CA42971005587A9 /* PBXTargetDependency */,
			);
			name = UICollectionViewDemoUITests;
			productName = UICollectionViewDemoUITests;
			productReference = 4B3403F21CA42971005587A9 /* UICollectionViewDemoUITests.xctest */;
			productType = "com.apple.product-type.bundle.ui-testing";
		};
/* End PBXNativeTarget section */

/* Begin PBXProject section */
		4B3403C61CA42971005587A9 /* Project object */ = {
			isa = PBXProject;
			attributes = {
				LastUpgradeCheck = 0700;
				ORGANIZATIONNAME = LiuShaoQiang;
				TargetAttributes = {
					4B3403CD1CA42971005587A9 = {
						CreatedOnToolsVersion = 7.0;
					};
					4B3403E61CA42971005587A9 = {
						CreatedOnToolsVersion = 7.0;
						TestTargetID = 4B3403CD1CA42971005587A9;
					};
					4B3403F11CA42971005587A9 = {
						CreatedOnToolsVersion = 7.0;
						TestTargetID = 4B3403CD1CA42971005587A9;
					};
				};
			};
			buildConfigurationList = 4B3403C91CA42971005587A9 /* Build configuration list for PBXProject "UICollectionViewDemo" */;
			compatibilityVersion = "Xcode 3.2";
			developmentRegion = English;
			hasScannedForEncodings = 0;
			knownRegions = (
				en,
				Base,
			);
			mainGroup = 4B3403C51CA42971005587A9;
			productRefGroup = 4B3403CF1CA42971005587A9 /* Products */;
			projectDirPath = "";
			projectRoot = "";
			targets = (
				4B3403CD1CA42971005587A9 /* UICollectionViewDemo */,
				4B3403E61CA42971005587A9 /* UICollectionViewDemoTests */,
				4B3403F11CA42971005587A9 /* UICollectionViewDemoUITests */,
			);
		};
/* End PBXProject section */

/* Begin PBXResourcesBuildPhase section */
		4B3403CC1CA42971005587A9 /* Resources */ = {
			isa = PBXResourcesBuildPhase;
			buildActionMask = 2147483647;
			files = (
				4B3403E11CA42971005587A9 /* LaunchScreen.storyboard in Resources */,
				4B3403DE1CA42971005587A9 /* Assets.xcassets in Resources */,
				4B3403DC1CA42971005587A9 /* Main.storyboard in Resources */,
			);
			runOnlyForDeploymentPostprocessing = 0;
		};
		4B3403E51CA42971005587A9 /* Resources */ = {
			isa = PBXResourcesBuildPhase;
			buildActionMask = 2147483647;
			files = (
			);
			runOnlyForDeploymentPostprocessing = 0;
		};
		4B3403F01CA42971005587A9 /* Resources */ = {
			isa = PBXResourcesBuildPhase;
			buildActionMask = 2147483647;
			files = (
			);
			runOnlyForDeploymentPostprocessing = 0;
		};
/* End PBXResourcesBuildPhase section */

/* Begin PBXSourcesBuildPhase section */
		4B3403CA1CA42971005587A9 /* Sources */ = {
			isa = PBXSourcesBuildPhase;
			buildActionMask = 2147483647;
			files = (
				4B3403D91CA42971005587A9 /* ViewController.m in Sources */,
				4B3403D61CA42971005587A9 /* AppDelegate.m in Sources */,
				4B3403D31CA42971005587A9 /* main.m in Sources */,
			);
			runOnlyForDeploymentPostprocessing = 0;
		};
		4B3403E31CA42971005587A9 /* Sources */ = {
			isa = PBXSourcesBuildPhase;
			buildActionMask = 2147483647;
			files = (
				4B3403EC1CA42971005587A9 /* UICollectionViewDemoTests.m in Sources */,
			);
			runOnlyForDeploymentPostprocessing = 0;
		};
		4B3403EE1CA42971005587A9 /* Sources */ = {
			isa = PBXSourcesBuildPhase;
			buildActionMask = 2147483647;
			files = (
				4B3403F71CA42971005587A9 /* UICollectionViewDemoUITests.m in Sources */,
			);
			runOnlyForDeploymentPostprocessing = 0;
		};
/* End PBXSourcesBuildPhase section */

/* Begin PBXTargetDependency section */
		4B3403E91CA42971005587A9 /* PBXTargetDependency */ = {
			isa = PBXTargetDependency;
			target = 4B3403CD1CA42971005587A9 /* UICollectionViewDemo */;
			targetProxy = 4B3403E81CA42971005587A9 /* PBXContainerItemProxy */;
		};
		4B3403F41CA42971005587A9 /* PBXTargetDependency */ = {
			isa = PBXTargetDependency;
			target = 4B3403CD1CA42971005587A9 /* UICollectionViewDemo */;
			targetProxy = 4B3403F31CA42971005587A9 /* PBXContainerItemProxy */;
		};
/* End PBXTargetDependency section */

/* Begin PBXVariantGroup section */
		4B3403DA1CA42971005587A9 /* Main.storyboard */ = {
			isa = PBXVariantGroup;
			children = (
				4B3403DB1CA42971005587A9 /* Base */,
			);
			name = Main.storyboard;
			sourceTree = "<group>";
		};
		4B3403DF1CA42971005587A9 /* LaunchScreen.storyboard */ = {
			isa = PBXVariantGroup;
			children = (
				4B3403E01CA42971005587A9 /* Base */,
			);
			name = LaunchScreen.storyboard;
			sourceTree = "<group>";
		};
/* End PBXVariantGroup section */

/* Begin XCBuildConfiguration section */
		4B3403F91CA42971005587A9 /* Debug */ = {
			isa = XCBuildConfiguration;
			buildSettings = {
				ALWAYS_SEARCH_USER_PATHS = NO;
				CLANG_CXX_LANGUAGE_STANDARD = "gnu++0x";
				CLANG_CXX_LIBRARY = "libc++";
				CLANG_ENABLE_MODULES = YES;
				CLANG_ENABLE_OBJC_ARC = YES;
				CLANG_WARN_BOOL_CONVERSION = YES;
				CLANG_WARN_CONSTANT_CONVERSION = YES;
				CLANG_WARN_DIRECT_OBJC_ISA_USAGE = YES_ERROR;
				CLANG_WARN_EMPTY_BODY = YES;
				CLANG_WARN_ENUM_CONVERSION = YES;
				CLANG_WARN_INT_CONVERSION = YES;
				CLANG_WARN_OBJC_ROOT_CLASS = YES_ERROR;
				CLANG_WARN_UNREACHABLE_CODE = YES;
				CLANG_WARN__DUPLICATE_METHOD_MATCH = YES;
				"CODE_SIGN_IDENTITY[sdk=iphoneos*]" = "iPhone Developer";
				COPY_PHASE_STRIP = NO;
				DEBUG_INFORMATION_FORMAT = dwarf;
				ENABLE_STRICT_OBJC_MSGSEND = YES;
				ENABLE_TESTABILITY = YES;
				GCC_C_LANGUAGE_STANDARD = gnu99;
				GCC_DYNAMIC_NO_PIC = NO;
				GCC_NO_COMMON_BLOCKS = YES;
				GCC_OPTIMIZATION_LEVEL = 0;
				GCC_PREPROCESSOR_DEFINITIONS = (
					"DEBUG=1",
					"$(inherited)",
				);
				GCC_WARN_64_TO_32_BIT_CONVERSION = YES;
				GCC_WARN_ABOUT_RETURN_TYPE = YES_ERROR;
				GCC_WARN_UNDECLARED_SELECTOR = YES;
				GCC_WARN_UNINITIALIZED_AUTOS = YES_AGGRESSIVE;
				GCC_WARN_UNUSED_FUNCTION = YES;
				GCC_WARN_UNUSED_VARIABLE = YES;
				IPHONEOS_DEPLOYMENT_TARGET = 9.0;
				MTL_ENABLE_DEBUG_INFO = YES;
				ONLY_ACTIVE_ARCH = YES;
				SDKROOT = iphoneos;
			};
			name = Debug;
		};
		4B3403FA1CA42971005587A9 /* Release */ = {
			isa = XCBuildConfiguration;
			buildSettings = {
				ALWAYS_SEARCH_USER_PATHS = NO;
				CLANG_CXX_LANGUAGE_STANDARD = "gnu++0x";
				CLANG_CXX_LIBRARY = "libc++";
				CLANG_ENABLE_MODULES = YES;
				CLANG_ENABLE_OBJC_ARC = YES;
				CLANG_WARN_BOOL_CONVERSION = YES;
				CLANG_WARN_CONSTANT_CONVERSION = YES;
				CLANG_WARN_DIRECT_OBJC_ISA_USAGE = YES_ERROR;
				CLANG_WARN_EMPTY_BODY = YES;
				CLANG_WARN_ENUM_CONVERSION = YES;
				CLANG_WARN_INT_CONVERSION = YES;
				CLANG_WARN_OBJC_ROOT_CLASS = YES_ERROR;
				CLANG_WARN_UNREACHABLE_CODE = YES;
				CLANG_WARN__DUPLICATE_METHOD_MATCH = YES;
				"CODE_SIGN_IDENTITY[sdk=iphoneos*]" = "iPhone Developer";
				COPY_PHASE_STRIP = NO;
				DEBUG_INFORMATION_FORMAT = "dwarf-with-dsym";
				ENABLE_NS_ASSERTIONS = NO;
				ENABLE_STRICT_OBJC_MSGSEND = YES;
				GCC_C_LANGUAGE_STANDARD = gnu99;
				GCC_NO_COMMON_BLOCKS = YES;
				GCC_WARN_64_TO_32_BIT_CONVERSION = YES;
				GCC_WARN_ABOUT_RETURN_TYPE = YES_ERROR;
				GCC_WARN_UNDECLARED_SELECTOR = YES;
				GCC_WARN_UNINITIALIZED_AUTOS = YES_AGGRESSIVE;
				GCC_WARN_UNUSED_FUNCTION = YES;
				GCC_WARN_UNUSED_VARIABLE = YES;
				IPHONEOS_DEPLOYMENT_TARGET = 9.0;
				MTL_ENABLE_DEBUG_INFO = NO;
				SDKROOT = iphoneos;
				VALIDATE_PRODUCT = YES;
			};
			name = Release;
		};
		4B3403FC1CA42971005587A9 /* Debug */ = {
			isa = XCBuildConfiguration;
			buildSettings = {
				ASSETCATALOG_COMPILER_APPICON_NAME = AppIcon;
				INFOPLIST_FILE = UICollectionViewDemo/Info.plist;
				LD_RUNPATH_SEARCH_PATHS = "$(inherited) @executable_path/Frameworks";
				PRODUCT_BUNDLE_IDENTIFIER = com.hello.UICollectionViewDemo;
				PRODUCT_NAME = "$(TARGET_NAME)";
			};
			name = Debug;
		};
		4B3403FD1CA42971005587A9 /* Release */ = {
			isa = XCBuildConfiguration;
			buildSettings = {
				ASSETCATALOG_COMPILER_APPICON_NAME = AppIcon;
				INFOPLIST_FILE = UICollectionViewDemo/Info.plist;
				LD_RUNPATH_SEARCH_PATHS = "$(inherited) @executable_path/Frameworks";
				PRODUCT_BUNDLE_IDENTIFIER = com.hello.UICollectionViewDemo;
				PRODUCT_NAME = "$(TARGET_NAME)";
			};
			name = Release;
		};
		4B3403FF1CA42971005587A9 /* Debug */ = {
			isa = XCBuildConfiguration;
			buildSettings = {
				BUNDLE_LOADER = "$(TEST_HOST)";
				INFOPLIST_FILE = UICollectionViewDemoTests/Info.plist;
				LD_RUNPATH_SEARCH_PATHS = "$(inherited) @executable_path/Frameworks @loader_path/Frameworks";
				PRODUCT_BUNDLE_IDENTIFIER = com.hello.UICollectionViewDemoTests;
				PRODUCT_NAME = "$(TARGET_NAME)";
				TEST_HOST = "$(BUILT_PRODUCTS_DIR)/UICollectionViewDemo.app/UICollectionViewDemo";
			};
			name = Debug;
		};
		4B3404001CA42971005587A9 /* Release */ = {
			isa = XCBuildConfiguration;
			buildSettings = {
				BUNDLE_LOADER = "$(TEST_HOST)";
				INFOPLIST_FILE = UICollectionViewDemoTests/Info.plist;
				LD_RUNPATH_SEARCH_PATHS = "$(inherited) @executable_path/Frameworks @loader_path/Frameworks";
				PRODUCT_BUNDLE_IDENTIFIER = com.hello.UICollectionViewDemoTests;
				PRODUCT_NAME = "$(TARGET_NAME)";
				TEST_HOST = "$(BUILT_PRODUCTS_DIR)/UICollectionViewDemo.app/UICollectionViewDemo";
			};
			name = Release;
		};
		4B3404021CA42971005587A9 /* Debug */ = {
			isa = XCBuildConfiguration;
			buildSettings = {
				INFOPLIST_FILE = UICollectionViewDemoUITests/Info.plist;
				LD_RUNPATH_SEARCH_PATHS = "$(inherited) @executable_path/Frameworks @loader_path/Frameworks";
				PRODUCT_BUNDLE_IDENTIFIER = com.hello.UICollectionViewDemoUITests;
				PRODUCT_NAME = "$(TARGET_NAME)";
				TEST_TARGET_NAME = UICollectionViewDemo;
				USES_XCTRUNNER = YES;
			};
			name = Debug;
		};
		4B3404031CA42971005587A9 /* Release */ = {
			isa = XCBuildConfiguration;
			buildSettings = {
				INFOPLIST_FILE = UICollectionViewDemoUITests/Info.plist;
				LD_RUNPATH_SEARCH_PATHS = "$(inherited) @executable_path/Frameworks @loader_path/Frameworks";
				PRODUCT_BUNDLE_IDENTIFIER = com.hello.UICollectionViewDemoUITests;
				PRODUCT_NAME = "$(TARGET_NAME)";
				TEST_TARGET_NAME = UICollectionViewDemo;
				USES_XCTRUNNER = YES;
			};
			name = Release;
		};
/* End XCBuildConfiguration section */

/* Begin XCConfigurationList section */
		4B3403C91CA42971005587A9 /* Build configuration list for PBXProject "UICollectionViewDemo" */ = {
			isa = XCConfigurationList;
			buildConfigurations = (
				4B3403F91CA42971005587A9 /* Debug */,
				4B3403FA1CA42971005587A9 /* Release */,
			);
			defaultConfigurationIsVisible = 0;
			defaultConfigurationName = Release;
		};
		4B3403FB1CA42971005587A9 /* Build configuration list for PBXNativeTarget "UICollectionViewDemo" */ = {
			isa = XCConfigurationList;
			buildConfigurations = (
				4B3403FC1CA42971005587A9 /* Debug */,
				4B3403FD1CA42971005587A9 /* Release */,
			);
			defaultConfigurationIsVisible = 0;
		};
		4B3403FE1CA42971005587A9 /* Build configuration list for PBXNativeTarget "UICollectionViewDemoTests" */ = {
			isa = XCConfigurationList;
			buildConfigurations = (
				4B3403FF1CA42971005587A9 /* Debug */,
				4B3404001CA42971005587A9 /* Release */,
			);
			defaultConfigurationIsVisible = 0;
		};
		4B3404011CA42971005587A9 /* Build configuration list for PBXNativeTarget "UICollectionViewDemoUITests" */ = {
			isa = XCConfigurationList;
			buildConfigurations = (
				4B3404021CA42971005587A9 /* Debug */,
				4B3404031CA42971005587A9 /* Release */,
			);
			defaultConfigurationIsVisible = 0;
		};
/* End XCConfigurationList section */
	};
	rootObject = 4B3403C61CA42971005587A9 /* Project object */;
}
